
Microsoft Visual Studio Solution File, Format Version 11.00
# Visual Studio 2010
Project("{FAE04EC0-301F-11D3-BF4B-00C04F79EFBC}") = "JsBundle", "JsBundle\JsBundle.csproj", "{C729C91A-D221-4606-BDEF-C9381ACAB774}"
EndProject
Global
	GlobalSection(SolutionConfigurationPlatforms) = preSolution
		Debug|Any CPU = Debug|Any CPU
		Release|Any CPU = Release|Any CPU
	EndGlobalSection
	GlobalSection(ProjectConfigurationPlatforms) = postSolution
		{C729C91A-D221-4606-BDEF-C9381ACAB774}.Debug|Any CPU.ActiveCfg = Debug|Any CPU
		{C729C91A-D221-4606-BDEF-C9381ACAB774}.Debug|Any CPU.Build.0 = Debug|Any CPU
		{C729C91A-D221-4606-BDEF-C9381ACAB774}.Release|Any CPU.ActiveCfg = Release|Any CPU
		{C729C91A-D221-4606-BDEF-C9381ACAB774}.Release|Any CPU.Build.0 = Release|Any CPU
	EndGlobalSection
	GlobalSection(SolutionProperties) = preSolution
		HideSolutionNode = FALSE
	EndGlobalSection
EndGlobal
